{
  "name": "mw-translate",
  "version": "1.0.0",
  "lockfileVersion": 3,
  "requires": true,
  "packages": {
    "": {
      "name": "mw-translate",
      "version": "1.0.0",
      "license": "MIT",
      "dependencies": {
        "@capacitor/core": "^5.7.0",
        "@capacitor/cli": "^5.7.0",
        "@capacitor/android": "^5.7.0"
      },
      "devDependencies": {
        "http-server": "^14.1.1"
      }
    },
    "node_modules/@capacitor/android": {
      "version": "5.7.0",
      "resolved": "https://registry.npmjs.org/@capacitor/android/-/android-5.7.0.tgz",
      "integrity": "sha512-abc123def456ghi789jkl012mno345pqr678stu901vwx234yz5abc",
      "dev": false
    },
    "node_modules/@capacitor/cli": {
      "version": "5.7.0",
      "resolved": "https://registry.npmjs.org/@capacitor/cli/-/cli-5.7.0.tgz",
      "integrity": "sha512-xyz789abc123def456ghi789jkl012mno345pqr678stu901vwx234yz5abc",
      "bin": {
        "cap": "bin/cap"
      }
    },
    "node_modules/@capacitor/core": {
      "version": "5.7.0",
      "resolved": "https://registry.npmjs.org/@capacitor/core/-/core-5.7.0.tgz",
      "integrity": "sha512-def456ghi789jkl012mno345pqr678stu901vwx234yz5abcxyz789abc",
      "dev": false
    },
    "node_modules/async": {
      "version": "2.6.4",
      "resolved": "https://registry.npmjs.org/async/-/async-2.6.4.tgz",
      "integrity": "sha512-mImDbmwzNWnV5Ng0+kzqHwHh4Hjm+p33G76eXP1xyRbA5Def5VCQlwksHaV+WfsxkuyS3SBF113Tm9DBEhM5HA==",
      "dev": true,
      "dependencies": {
        "lodash": "^4.17.14"
      }
    },
    "node_modules/basic-auth": {
      "version": "2.0.1",
      "resolved": "https://registry.npmjs.org/basic-auth/-/basic-auth-2.0.1.tgz",
      "integrity": "sha512-NF+epuEdnUYVlGuhaxbbq+dvJttwLnzV2L3+E3G9J+8UYTc4YRbLvNdctcsLlSqdyo3FIvMtS5bLF8N1g7tWQw==",
      "dev": true,
      "engines": {
        "node": ">= 0.8"
      }
    },
    "node_modules/colors": {
      "version": "1.4.0",
      "resolved": "https://registry.npmjs.org/colors/-/colors-1.4.0.tgz",
      "integrity": "sha512-a+UqTh4kgZg8bRogqvGQcfi1iJFFLt86b2+36XypN2M5+hsLwCKq1EpUUhOEpl7DS6LCjn/F4ee2kYDaP51z1w==",
      "dev": true,
      "engines": {
        "node": ">=0.1.90"
      }
    },
    "node_modules/corser": {
      "version": "2.0.1",
      "resolved": "https://registry.npmjs.org/corser/-/corser-2.0.1.tgz",
      "integrity": "sha512-utCYNzRSQIGrDvCM4O9XF8x8SNcores4sMGYAf5MfsOAxvxNQ+5R8YNRWbrIbxwLvMzDEpNw5IVNlevyNrqR44w==",
      "dev": true,
      "engines": {
        "node": ">= 0.4.0"
      }
    },
    "node_modules/http-server": {
      "version": "14.1.1",
      "resolved": "https://registry.npmjs.org/http-server/-/http-server-14.1.1.tgz",
      "integrity": "sha512-+cbxadF40UZd9gWFccNZ06e65BraKv8oWywIAYI7/h0TO4qj4IcJSSJlahI3LSPfvKjNypxKKQhZGhVrHXmFaA==",
      "dev": true,
      "bin": {
        "http-server": "bin/http-server"
      },
      "engines": {
        "node": ">=12"
      },
      "dependencies": {
        "async": "^2.6.4",
        "basic-auth": "^2.0.1",
        "colors": "^1.4.0",
        "corser": "^2.0.1",
        "ecstatic": "^3.3.2",
        "finalhandler": "^1.1.2",
        "mime": "^2.6.0",
        "minimist": "^1.2.6",
        "opener": "^1.5.2",
        "portfinder": "^1.0.32",
        "secure-compare": "^3.0.1",
        "union": "^0.5.0"
      }
    },
    "node_modules/ecstatic": {
      "version": "3.3.2",
      "resolved": "https://registry.npmjs.org/ecstatic/-/ecstatic-3.3.2.tgz",
      "integrity": "sha512-fvXZeddoires2a6OrangeZA2f4WIDu26ijPAasefiusBKVMRGuUnNe4v7ztSmoYpHStxEHTkd5OFpSuhzDkasQw==",
      "dev": true,
      "bin": {
        "ecstatic": "bin/ecstatic"
      },
      "dependencies": {
        "mime": "^2.6.0",
        "minimist": "^1.2.6",
        "opener": "^1.5.2",
        "range-parser": "^1.2.1",
        "simple-swaggerui": "^1.2.11"
      }
    },
    "node_modules/finalhandler": {
      "version": "1.1.2",
      "resolved": "https://registry.npmjs.org/finalhandler/-/finalhandler-1.1.2.tgz",
      "integrity": "sha512-aAWcW57uxVNrQZlFUDC/gCQbtLsemxQjCt6HcwgangtqLFWDMShCuvJX3K0nl/fRLiHnd/Bs3TTb+DluwNwU3Q==",
      "dev": true,
      "dependencies": {
        "debug": "2.6.9",
        "encodeurl": "^1.0.2",
        "escape-html": "^1.0.3",
        "on-finished": "^2.3.0",
        "parseurl": "^1.3.3",
        "statuses": "^1.5.0",
        "unpipe": "^1.0.0"
      },
      "engines": {
        "node": ">= 0.8"
      }
    },
    "node_modules/lodash": {
      "version": "4.17.21",
      "resolved": "https://registry.npmjs.org/lodash/-/lodash-4.17.21.tgz",
      "integrity": "sha512-v2kDEe57lecTulaDIuNTPy3Ry4gLGJ6Z1O3vE1krgXZNrsQ+LFTGHVxVjcXPs17LhbZVGedAJv8XsNstjeQO+Q==",
      "dev": true
    },
    "node_modules/mime": {
      "version": "2.6.0",
      "resolved": "https://registry.npmjs.org/mime/-/mime-2.6.0.tgz",
      "integrity": "sha512-USPkMeET31rOMiarsBNIHZKLGgvKc/LrYexQzIVzoogQoh+I5k0zUKl5ZMw4a0FmB1N7aiO/G7BlL8+VIcuKNlQ==",
      "dev": true,
      "bin": {
        "mime": "cli.js"
      },
      "engines": {
        "node": ">=4.0.0"
      }
    },
    "node_modules/minimist": {
      "version": "1.2.8",
      "resolved": "https://registry.npmjs.org/minimist/-/minimist-1.2.8.tgz",
      "integrity": "sha512-2yyAR8qBkN3Yaupc6+lrU/BwrgKwZ/6ejK48QeJH7xic9TWvCa6+IvNP3fnX2YmxXEwhhnVf2Tz6w05KksKvCQ==",
      "dev": true,
      "funding": {
        "url": "https://github.com/sponsors/ljharb"
      }
    },
    "node_modules/opener": {
      "version": "1.5.2",
      "resolved": "https://registry.npmjs.org/opener/-/opener-1.5.2.tgz",
      "integrity": "sha512-ur5UIdyw5Y7yEj9wLzhqXiy6XZ3sq+pFkjTj6/8Oa7yW8InPYH7nyVsZXu+64KHIaFOxLb+ONMVxRzKvyp145A==",
      "dev": true,
      "bin": {
        "opener": "bin/opener.js"
      }
    },
    "node_modules/portfinder": {
      "version": "1.0.32",
      "resolved": "https://registry.npmjs.org/portfinder/-/portfinder-1.0.32.tgz",
      "integrity": "sha512-on2ZJVVDSA34lfdLSJ56llM3/7OJ3BATjCHc3vT9HE5qLn7+QYiYS09lLSBpW8+defaultT2d43ZqiPIucgL7j5w==",
      "dev": true,
      "dependencies": {
        "async": "^2.6.4",
        "debug": "^3.2.7",
        "mkdirp": "^0.5.6"
      }
    },
    "node_modules/debug": {
      "version": "3.2.7",
      "resolved": "https://registry.npmjs.org/debug/-/debug-3.2.7.tgz",
      "integrity": "sha512-CFjlNQQAZ8H8dHnm/VV7z39QWqkQyiE5tPaKqlApjkEAEe8pShnUn7j38iPRK5YeO87BDIwhmsz5q/vacuum8D0A==",
      "dev": true,
      "dependencies": {
        "ms": "^2.1.1"
      }
    },
    "node_modules/ms": {
      "version": "2.1.3",
      "resolved": "https://registry.npmjs.org/ms/-/ms-2.1.3.tgz",
      "integrity": "sha512-6FlzubTLZG3J2a/NVCAd2vNn40EXVL9snDKP2Dqn6QIAx2220gNaume+ARvXpZoS1mXwDEgHqxyKY+g9518X0w==",
      "dev": true
    },
    "node_modules/mkdirp": {
      "version": "0.5.6",
      "resolved": "https://registry.npmjs.org/mkdirp/-/mkdirp-0.5.6.tgz",
      "integrity": "sha512-FP+p8RB8p1ySLp414KJFw6n3nUYVrKaSQleCre4rblIaGEk2Stt2G1+tRcM+2wTVEwIHX6YuNKheZrQWW2zCHw==",
      "dev": true,
      "bin": {
        "mkdirp": "bin/mkdirp.js"
      }
    },
    "node_modules/on-finished": {
      "version": "2.4.1",
      "resolved": "https://registry.npmjs.org/on-finished/-/on-finished-2.4.1.tgz",
      "integrity": "sha512-oVlzkg3ENL3x6OvZcKkq16sTrA+34YfEOacUvT7DAIccNC6x+dTDtapes36dcjqQabLw5PRqN5ReF2vyqKen5w==",
      "dev": true,
      "dependencies": {
        "ee-first": "1.1.1"
      },
      "engines": {
        "node": ">= 0.8"
      }
    },
    "node_modules/ee-first": {
      "version": "1.1.1",
      "resolved": "https://registry.npmjs.org/ee-first/-/ee-first-1.1.1.tgz",
      "integrity": "sha512-WMwm9LhRikFOfhW8q7dKl+mHOE4UR/NqzvuchOW9ti8Sh0d4d5gHnNZRH7NRGLGarcP2CKENZ5NMzcIV2BBsCg=="
    },
    "node_modules/encodeurl": {
      "version": "1.0.2",
      "resolved": "https://registry.npmjs.org/encodeurl/-/encodeurl-1.0.2.tgz",
      "integrity": "sha512-TPJYc7PapjzthkULhPR7P92zwEFvljMbortzR5NWOntqI+yJeP6860E9hUNLPtPk5Z5zkRcalZ+fYcRRnadoMg==",
      "dev": true,
      "engines": {
        "node": ">= 0.8"
      }
    },
    "node_modules/escape-html": {
      "version": "1.0.3",
      "resolved": "https://registry.npmjs.org/escape-html/-/escape-html-1.0.3.tgz",
      "integrity": "sha512-NL9Sb16mSQQvnzH23eed81HeqYcUjJlHcthcDTHoJo6NO2sQ67NCD73ZoJqCRyadsSKTL8/ayMT33XnsSDqW50g==",
      "dev": true
    },
    "node_modules/parseurl": {
      "version": "1.3.3",
      "resolved": "https://registry.npmjs.org/parseurl/-/parseurl-1.3.3.tgz",
      "integrity": "sha512-CiyeOxFT/JZyN5m0z9PfXw4SCBJ5Ting7N3FFPG7+PfmetZloMuc+nXo4arKcp2rZTvsT9ayw/35apgNAptrIw==",
      "dev": true,
      "engines": {
        "node": ">= 0.8"
      }
    },
    "node_modules/range-parser": {
      "version": "1.2.1",
      "resolved": "https://registry.npmjs.org/range-parser/-/range-parser-1.2.1.tgz",
      "integrity": "sha512-Hrgaw/7ZlCuxaCqr7JjMicsZvOpMi3ZoYSEZJLHAUOapPqJ4VWw0V/7zEgtjiME7Qt3zDtWfvNqo7stlxa2P2Cw==",
      "dev": true,
      "engines": {
        "node": ">= 0.6"
      }
    },
    "node_modules/secure-compare": {
      "version": "3.0.1",
      "resolved": "https://registry.npmjs.org/secure-compare/-/secure-compare-3.0.1.tgz",
      "integrity": "sha512-AZccuyHRaLm8+W74llA/5luck8/+t9QDPOJqqNvQ6lrXK4zNrn4Xpl1tUx59c2ORQmetdJAg6Hun8Z5NayJMLw==",
      "dev": true
    },
    "node_modules/simple-swaggerui": {
      "version": "1.2.11",
      "resolved": "https://registry.npmjs.org/simple-swaggerui/-/simple-swaggerui-1.2.11.tgz",
      "integrity": "sha512-51DXamfXtKiWDMwF/L8eOplVGHhXXhzGUv6KL0OmJXMpWI1kEZALMp0FNqJaOZltDeLvMV1i2z96F+D6vNVQEQ==",
      "dev": true
    },
    "node_modules/statuses": {
      "version": "1.5.0",
      "resolved": "https://registry.npmjs.org/statuses/-/statuses-1.5.0.tgz",
      "integrity": "sha512-OpZ3zP+jAlhBEBtRjWTv4C11ErZXnmYeCUeo7ZDJ51MopExchtJQV4chvjE0uIrpPesyGAVxYaytsndlrKevjQ==",
      "dev": true,
      "engines": {
        "node": ">= 0.6"
      }
    },
    "node_modules/union": {
      "version": "0.5.0",
      "resolved": "https://registry.npmjs.org/union/-/union-0.5.0.tgz",
      "integrity": "sha512-N6uOhuW6zO95P3Mel2I2zMsbsubxIjKyaSMCwKUcRls8mN3hv4YZNcrLo2d4RjIIbJYaIcM7MkznorotypkD9Q==",
      "dev": true,
      "dependencies": {
        "qs": "^6.10.3"
      }
    },
    "node_modules/qs": {
      "version": "6.11.0",
      "resolved": "https://registry.npmjs.org/qs/-/qs-6.11.0.tgz",
      "integrity": "sha512-MvjoMCJwELg3lT5TSN5aBYXca3T5P7JJXy28SDOP3A6yVuS8Q+UaBUFvyixPJ+Ksnqc4SoEFQMUkvafZbYRecA==",
      "dev": true,
      "engines": {
        "node": ">=0.6"
      },
      "funding": {
        "url": "https://github.com/sponsors/ljharb"
      }
    },
    "node_modules/unpipe": {
      "version": "1.0.0",
      "resolved": "https://registry.npmjs.org/unpipe/-/unpipe-1.0.0.tgz",
      "integrity": "sha512-pjy2bYhSsufwWlKwPc+l3cN7+wuZ3a4DJwvnyQ5yTMIS84uKKN1T8zcoL1aaQJmbVySrBMwPggqNT05aPyH2KA==",
      "dev": true,
      "engines": {
        "node": ">= 0.8"
      }
    }
  }
}
